Microsoft Visual Studio Solution File, Format Version 9.00
# Visual Studio 2005
Project("{8BC9CEB8-8B4A-11D0-8D11-00A0C91BC942}") = "ARMletDLL", "ARMletDLL.vcproj", "{DDE55A1E-38F4-4CDB-A33B-08F410A8AABB}"
EndProject
Global
	GlobalSection(SolutionConfigurationPlatforms) = preSolution
		Debug|Win32 = Debug|Win32
		Release|Win32 = Release|Win32
	EndGlobalSection
	GlobalSection(ProjectConfigurationPlatforms) = postSolution
		{DDE55A1E-38F4-4CDB-A33B-08F410A8AABB}.Debug|Win32.ActiveCfg = Debug|Win32
		{DDE55A1E-38F4-4CDB-A33B-08F410A8AABB}.Debug|Win32.Build.0 = Debug|Win32
		{DDE55A1E-38F4-4CDB-A33B-08F410A8AABB}.Release|Win32.ActiveCfg = Release|Win32
		{DDE55A1E-38F4-4CDB-A33B-08F410A8AABB}.Release|Win32.Build.0 = Release|Win32
	EndGlobalSection
	GlobalSection(SolutionProperties) = preSolution
		HideSolutionNode = FALSE
	EndGlobalSection
EndGlobal
